{
  "originHash" : "ede0f6b6a9bb8e21e20f6d69e38003b4ee9d415df5939f163c0be765199d46b9",
  "pins" : [
    {
      "identity" : "kakaomapssdk-spm",
      "kind" : "remoteSourceControl",
      "location" : "https://github.com/kakao-mapsSDK/KakaoMapsSDK-SPM.git",
      "state" : {
        "revision" : "b617191ca9fd474278adce71f1c306486f1fe7c2",
        "version" : "2.12.4"
      }
    }
  ],
  "version" : 3
}
