{
  "originHash" : "963c53e0c1499c79b14eb820bb6f66a699801548452e2be42441a18f2363d2fa",
  "pins" : [
    {
      "identity" : "kakaomapssdk-spm",
      "kind" : "remoteSourceControl",
      "location" : "https://github.com/kakao-mapsSDK/KakaoMapsSDK-SPM.git",
      "state" : {
        "revision" : "cbd439a2fa3017e666efbd28a969da6cf9a471c9",
        "version" : "2.12.2"
      }
    }
  ],
  "version" : 3
}
